<Solution>
  <Folder Name="/samples/">
    <Project Path="samples/SandboxGame/SandboxGame.csproj" />
  </Folder>
  <Folder Name="/src/">
    <Project Path="src/Sindri.Core/Sindri.Core.csproj" />
    <Project Path="src/Sindri.Platform.Windows/Sindri.Platform.Windows.csproj" />
  </Folder>
</Solution>
